
Microsoft Visual Studio Solution File, Format Version 12.00
# Visual Studio Version 17
VisualStudioVersion = 17.5.002.0
MinimumVisualStudioVersion = 10.0.40219.1
Project("{9A19103F-16F7-4668-BE54-9A1E7A4F7556}") = "DeviceCodeHelper", "DeviceCodeHelper.csproj", "{73B3CFA6-652B-44F2-97CA-A9B2F0B35449}"
EndProject
Global
	GlobalSection(SolutionConfigurationPlatforms) = preSolution
		Debug|Any CPU = Debug|Any CPU
		Release|Any CPU = Release|Any CPU
	EndGlobalSection
	GlobalSection(ProjectConfigurationPlatforms) = postSolution
		{73B3CFA6-652B-44F2-97CA-A9B2F0B35449}.Debug|Any CPU.ActiveCfg = Debug|Any CPU
		{73B3CFA6-652B-44F2-97CA-A9B2F0B35449}.Debug|Any CPU.Build.0 = Debug|Any CPU
		{73B3CFA6-652B-44F2-97CA-A9B2F0B35449}.Release|Any CPU.ActiveCfg = Release|Any CPU
		{73B3CFA6-652B-44F2-97CA-A9B2F0B35449}.Release|Any CPU.Build.0 = Release|Any CPU
	EndGlobalSection
	GlobalSection(SolutionProperties) = preSolution
		HideSolutionNode = FALSE
	EndGlobalSection
	GlobalSection(ExtensibilityGlobals) = postSolution
		SolutionGuid = {7521548B-466C-405F-9EC8-188374A9C5F2}
	EndGlobalSection
EndGlobal
